// !$*UTF8*$!
{
	archiveVersion = 1;
	classes = {
	};
	objectVersion = 56;
	objects = {

/* Begin PBXBuildFile section */
		4C0C91432948783D00BB7680 /* HotSalesDataModel.swift in Sources */ = {isa = PBXBuildFile; fileRef = 4C0C91422948783D00BB7680 /* HotSalesDataModel.swift */; };
		4C0C91452948787D00BB7680 /* Response.swift in Sources */ = {isa = PBXBuildFile; fileRef = 4C0C91442948787D00BB7680 /* Response.swift */; };
		4C0C914B29487AC200BB7680 /* ProductDetailViewModel.swift in Sources */ = {isa = PBXBuildFile; fileRef = 4C0C914A29487AC200BB7680 /* ProductDetailViewModel.swift */; };
		4C0C914D29487BF100BB7680 /* DetailResponse.swift in Sources */ = {isa = PBXBuildFile; fileRef = 4C0C914C29487BF100BB7680 /* DetailResponse.swift */; };
		4C0C914F29487FC000BB7680 /* DetailDataLoader.swift in Sources */ = {isa = PBXBuildFile; fileRef = 4C0C914E29487FC000BB7680 /* DetailDataLoader.swift */; };
		4C0C91512948B2CA00BB7680 /* SelectedHeart.swift in Sources */ = {isa = PBXBuildFile; fileRef = 4C0C91502948B2CA00BB7680 /* SelectedHeart.swift */; };
		4C43FB22293DCF9C00EF3C94 /* TestTask_EffectiveMobileApp.swift in Sources */ = {isa = PBXBuildFile; fileRef = 4C43FB21293DCF9C00EF3C94 /* TestTask_EffectiveMobileApp.swift */; };
		4C43FB24293DCF9C00EF3C94 /* ContentView.swift in Sources */ = {isa = PBXBuildFile; fileRef = 4C43FB23293DCF9C00EF3C94 /* ContentView.swift */; };
		4C43FB26293DCFA500EF3C94 /* Assets.xcassets in Resources */ = {isa = PBXBuildFile; fileRef = 4C43FB25293DCFA500EF3C94 /* Assets.xcassets */; };
		4C43FB29293DCFA500EF3C94 /* Preview Assets.xcassets in Resources */ = {isa = PBXBuildFile; fileRef = 4C43FB28293DCFA500EF3C94 /* Preview Assets.xcassets */; };
		4C53183D2949C1FE00A15EA5 /* FilterBlock.swift in Sources */ = {isa = PBXBuildFile; fileRef = 4C53183C2949C1FE00A15EA5 /* FilterBlock.swift */; };
		4C6C3A0A2947604000F36A32 /* ContentViewViewModel.swift in Sources */ = {isa = PBXBuildFile; fileRef = 4C6C3A092947603F00F36A32 /* ContentViewViewModel.swift */; };
		4C9A8CAA2940AAFF002B8B20 /* CategoriesData.swift in Sources */ = {isa = PBXBuildFile; fileRef = 4C9A8CA92940AAFF002B8B20 /* CategoriesData.swift */; };
		4C9A8CB229424D3A002B8B20 /* DataLoader.swift in Sources */ = {isa = PBXBuildFile; fileRef = 4C9A8CB129424D39002B8B20 /* DataLoader.swift */; };
		4C9A8CB429424F23002B8B20 /* BestSellerDataModel.swift in Sources */ = {isa = PBXBuildFile; fileRef = 4C9A8CB329424F22002B8B20 /* BestSellerDataModel.swift */; };
		4CBC11AF294A277B00E6D69D /* Color.swift in Sources */ = {isa = PBXBuildFile; fileRef = 4CBC11AE294A277B00E6D69D /* Color.swift */; };
		4CBC11B1294A46AE00E6D69D /* ShopSection.swift in Sources */ = {isa = PBXBuildFile; fileRef = 4CBC11B0294A46AE00E6D69D /* ShopSection.swift */; };
		4CBC11B3294B311000E6D69D /* MyCart.swift in Sources */ = {isa = PBXBuildFile; fileRef = 4CBC11B2294B311000E6D69D /* MyCart.swift */; };
		4CBC11B5294B35E500E6D69D /* ProductDataRow.swift in Sources */ = {isa = PBXBuildFile; fileRef = 4CBC11B4294B35E500E6D69D /* ProductDataRow.swift */; };
		4CC550EA29491541003183DE /* FilterOptions.swift in Sources */ = {isa = PBXBuildFile; fileRef = 4CC550E929491541003183DE /* FilterOptions.swift */; };
		4CD3A1AC294B5C1B0078797C /* Section.swift in Sources */ = {isa = PBXBuildFile; fileRef = 4CD3A1AB294B5C1A0078797C /* Section.swift */; };
		4CD3A1AE294B5E410078797C /* SearchSection.swift in Sources */ = {isa = PBXBuildFile; fileRef = 4CD3A1AD294B5E410078797C /* SearchSection.swift */; };
		4CD3A1B0294B5F480078797C /* CategoryItem.swift in Sources */ = {isa = PBXBuildFile; fileRef = 4CD3A1AF294B5F470078797C /* CategoryItem.swift */; };
		4CD3A1B2294B63670078797C /* TapBar.swift in Sources */ = {isa = PBXBuildFile; fileRef = 4CD3A1B1294B63670078797C /* TapBar.swift */; };
		4CD3A1B4294B64560078797C /* HotSalesItem.swift in Sources */ = {isa = PBXBuildFile; fileRef = 4CD3A1B3294B64560078797C /* HotSalesItem.swift */; };
		4CD3A1B6294B66450078797C /* BestSellerItem.swift in Sources */ = {isa = PBXBuildFile; fileRef = 4CD3A1B5294B66450078797C /* BestSellerItem.swift */; };
		4CD3A1BA294B75EB0078797C /* PicturesGallery.swift in Sources */ = {isa = PBXBuildFile; fileRef = 4CD3A1B9294B75EB0078797C /* PicturesGallery.swift */; };
		4CD3A1BF294B7C2C0078797C /* Line.swift in Sources */ = {isa = PBXBuildFile; fileRef = 4CD3A1BE294B7C2C0078797C /* Line.swift */; };
		4CD3A1C1294B7DB90078797C /* Total.swift in Sources */ = {isa = PBXBuildFile; fileRef = 4CD3A1C0294B7DB90078797C /* Total.swift */; };
		4CD3A1C3294B7EE90078797C /* Delivery.swift in Sources */ = {isa = PBXBuildFile; fileRef = 4CD3A1C2294B7EE90078797C /* Delivery.swift */; };
		4CD3A1C5294B7FAD0078797C /* Checkout.swift in Sources */ = {isa = PBXBuildFile; fileRef = 4CD3A1C4294B7FAD0078797C /* Checkout.swift */; };
		4CD3A1C7294B80AE0078797C /* DownLayer.swift in Sources */ = {isa = PBXBuildFile; fileRef = 4CD3A1C6294B80AE0078797C /* DownLayer.swift */; };
		4CD3A1C9294B810B0078797C /* ToolBar.swift in Sources */ = {isa = PBXBuildFile; fileRef = 4CD3A1C8294B810B0078797C /* ToolBar.swift */; };
		4CD3A1CD294B918A0078797C /* LabelBackButton.swift in Sources */ = {isa = PBXBuildFile; fileRef = 4CD3A1CC294B918A0078797C /* LabelBackButton.swift */; };
		4CD3A1D1294BB3530078797C /* Title.swift in Sources */ = {isa = PBXBuildFile; fileRef = 4CD3A1D0294BB3530078797C /* Title.swift */; };
		4CD3A1D3294BB3D80078797C /* Stars.swift in Sources */ = {isa = PBXBuildFile; fileRef = 4CD3A1D2294BB3D80078797C /* Stars.swift */; };
		4CD3A1D5294BB96F0078797C /* Details.swift in Sources */ = {isa = PBXBuildFile; fileRef = 4CD3A1D4294BB96F0078797C /* Details.swift */; };
		4CD3A1D7294BBA880078797C /* ColorBlock.swift in Sources */ = {isa = PBXBuildFile; fileRef = 4CD3A1D6294BBA880078797C /* ColorBlock.swift */; };
		4CD3A1D9294BBD4D0078797C /* CapacityBlock.swift in Sources */ = {isa = PBXBuildFile; fileRef = 4CD3A1D8294BBD4D0078797C /* CapacityBlock.swift */; };
		4CD3A1DB294BBEBD0078797C /* AddButton.swift in Sources */ = {isa = PBXBuildFile; fileRef = 4CD3A1DA294BBEBD0078797C /* AddButton.swift */; };
		4CE574D42943763D00543BEA /* ProductDetails.swift in Sources */ = {isa = PBXBuildFile; fileRef = 4CE574D32943763C00543BEA /* ProductDetails.swift */; };
/* End PBXBuildFile section */

/* Begin PBXFileReference section */
		4C0C91422948783D00BB7680 /* HotSalesDataModel.swift */ = {isa = PBXFileReference; lastKnownFileType = sourcecode.swift; path = HotSalesDataModel.swift; sourceTree = "<group>"; };
		4C0C91442948787D00BB7680 /* Response.swift */ = {isa = PBXFileReference; lastKnownFileType = sourcecode.swift; path = Response.swift; sourceTree = "<group>"; };
		4C0C914A29487AC200BB7680 /* ProductDetailViewModel.swift */ = {isa = PBXFileReference; lastKnownFileType = sourcecode.swift; path = ProductDetailViewModel.swift; sourceTree = "<group>"; };
		4C0C914C29487BF100BB7680 /* DetailResponse.swift */ = {isa = PBXFileReference; lastKnownFileType = sourcecode.swift; path = DetailResponse.swift; sourceTree = "<group>"; };
		4C0C914E29487FC000BB7680 /* DetailDataLoader.swift */ = {isa = PBXFileReference; lastKnownFileType = sourcecode.swift; path = DetailDataLoader.swift; sourceTree = "<group>"; };
		4C0C91502948B2CA00BB7680 /* SelectedHeart.swift */ = {isa = PBXFileReference; lastKnownFileType = sourcecode.swift; path = SelectedHeart.swift; sourceTree = "<group>"; };
		4C43FB1E293DCF9C00EF3C94 /* TestTask_EffectiveMobile.app */ = {isa = PBXFileReference; explicitFileType = wrapper.application; includeInIndex = 0; path = TestTask_EffectiveMobile.app; sourceTree = BUILT_PRODUCTS_DIR; };
		4C43FB21293DCF9C00EF3C94 /* TestTask_EffectiveMobileApp.swift */ = {isa = PBXFileReference; lastKnownFileType = sourcecode.swift; path = TestTask_EffectiveMobileApp.swift; sourceTree = "<group>"; };
		4C43FB23293DCF9C00EF3C94 /* ContentView.swift */ = {isa = PBXFileReference; lastKnownFileType = sourcecode.swift; path = ContentView.swift; sourceTree = "<group>"; };
		4C43FB25293DCFA500EF3C94 /* Assets.xcassets */ = {isa = PBXFileReference; lastKnownFileType = folder.assetcatalog; path = Assets.xcassets; sourceTree = "<group>"; };
		4C43FB28293DCFA500EF3C94 /* Preview Assets.xcassets */ = {isa = PBXFileReference; lastKnownFileType = folder.assetcatalog; path = "Preview Assets.xcassets"; sourceTree = "<group>"; };
		4C53183C2949C1FE00A15EA5 /* FilterBlock.swift */ = {isa = PBXFileReference; lastKnownFileType = sourcecode.swift; path = FilterBlock.swift; sourceTree = "<group>"; };
		4C6C3A092947603F00F36A32 /* ContentViewViewModel.swift */ = {isa = PBXFileReference; lastKnownFileType = sourcecode.swift; path = ContentViewViewModel.swift; sourceTree = "<group>"; };
		4C9A8CA92940AAFF002B8B20 /* CategoriesData.swift */ = {isa = PBXFileReference; lastKnownFileType = sourcecode.swift; path = CategoriesData.swift; sourceTree = "<group>"; };
		4C9A8CB129424D39002B8B20 /* DataLoader.swift */ = {isa = PBXFileReference; lastKnownFileType = sourcecode.swift; path = DataLoader.swift; sourceTree = "<group>"; };
		4C9A8CB329424F22002B8B20 /* BestSellerDataModel.swift */ = {isa = PBXFileReference; lastKnownFileType = sourcecode.swift; path = BestSellerDataModel.swift; sourceTree = "<group>"; };
		4CBC11AE294A277B00E6D69D /* Color.swift */ = {isa = PBXFileReference; lastKnownFileType = sourcecode.swift; path = Color.swift; sourceTree = "<group>"; };
		4CBC11B0294A46AE00E6D69D /* ShopSection.swift */ = {isa = PBXFileReference; lastKnownFileType = sourcecode.swift; path = ShopSection.swift; sourceTree = "<group>"; };
		4CBC11B2294B311000E6D69D /* MyCart.swift */ = {isa = PBXFileReference; lastKnownFileType = sourcecode.swift; path = MyCart.swift; sourceTree = "<group>"; };
		4CBC11B4294B35E500E6D69D /* ProductDataRow.swift */ = {isa = PBXFileReference; lastKnownFileType = sourcecode.swift; path = ProductDataRow.swift; sourceTree = "<group>"; };
		4CC550E929491541003183DE /* FilterOptions.swift */ = {isa = PBXFileReference; lastKnownFileType = sourcecode.swift; path = FilterOptions.swift; sourceTree = "<group>"; };
		4CD3A1AB294B5C1A0078797C /* Section.swift */ = {isa = PBXFileReference; lastKnownFileType = sourcecode.swift; path = Section.swift; sourceTree = "<group>"; };
		4CD3A1AD294B5E410078797C /* SearchSection.swift */ = {isa = PBXFileReference; lastKnownFileType = sourcecode.swift; path = SearchSection.swift; sourceTree = "<group>"; };
		4CD3A1AF294B5F470078797C /* CategoryItem.swift */ = {isa = PBXFileReference; lastKnownFileType = sourcecode.swift; path = CategoryItem.swift; sourceTree = "<group>"; };
		4CD3A1B1294B63670078797C /* TapBar.swift */ = {isa = PBXFileReference; lastKnownFileType = sourcecode.swift; path = TapBar.swift; sourceTree = "<group>"; };
		4CD3A1B3294B64560078797C /* HotSalesItem.swift */ = {isa = PBXFileReference; lastKnownFileType = sourcecode.swift; path = HotSalesItem.swift; sourceTree = "<group>"; };
		4CD3A1B5294B66450078797C /* BestSellerItem.swift */ = {isa = PBXFileReference; lastKnownFileType = sourcecode.swift; path = BestSellerItem.swift; sourceTree = "<group>"; };
		4CD3A1B9294B75EB0078797C /* PicturesGallery.swift */ = {isa = PBXFileReference; lastKnownFileType = sourcecode.swift; path = PicturesGallery.swift; sourceTree = "<group>"; };
		4CD3A1BE294B7C2C0078797C /* Line.swift */ = {isa = PBXFileReference; lastKnownFileType = sourcecode.swift; path = Line.swift; sourceTree = "<group>"; };
		4CD3A1C0294B7DB90078797C /* Total.swift */ = {isa = PBXFileReference; lastKnownFileType = sourcecode.swift; path = Total.swift; sourceTree = "<group>"; };
		4CD3A1C2294B7EE90078797C /* Delivery.swift */ = {isa = PBXFileReference; lastKnownFileType = sourcecode.swift; path = Delivery.swift; sourceTree = "<group>"; };
		4CD3A1C4294B7FAD0078797C /* Checkout.swift */ = {isa = PBXFileReference; lastKnownFileType = sourcecode.swift; path = Checkout.swift; sourceTree = "<group>"; };
		4CD3A1C6294B80AE0078797C /* DownLayer.swift */ = {isa = PBXFileReference; lastKnownFileType = sourcecode.swift; path = DownLayer.swift; sourceTree = "<group>"; };
		4CD3A1C8294B810B0078797C /* ToolBar.swift */ = {isa = PBXFileReference; lastKnownFileType = sourcecode.swift; path = ToolBar.swift; sourceTree = "<group>"; };
		4CD3A1CC294B918A0078797C /* LabelBackButton.swift */ = {isa = PBXFileReference; lastKnownFileType = sourcecode.swift; path = LabelBackButton.swift; sourceTree = "<group>"; };
		4CD3A1D0294BB3530078797C /* Title.swift */ = {isa = PBXFileReference; lastKnownFileType = sourcecode.swift; path = Title.swift; sourceTree = "<group>"; };
		4CD3A1D2294BB3D80078797C /* Stars.swift */ = {isa = PBXFileReference; lastKnownFileType = sourcecode.swift; path = Stars.swift; sourceTree = "<group>"; };
		4CD3A1D4294BB96F0078797C /* Details.swift */ = {isa = PBXFileReference; lastKnownFileType = sourcecode.swift; path = Details.swift; sourceTree = "<group>"; };
		4CD3A1D6294BBA880078797C /* ColorBlock.swift */ = {isa = PBXFileReference; lastKnownFileType = sourcecode.swift; path = ColorBlock.swift; sourceTree = "<group>"; };
		4CD3A1D8294BBD4D0078797C /* CapacityBlock.swift */ = {isa = PBXFileReference; lastKnownFileType = sourcecode.swift; path = CapacityBlock.swift; sourceTree = "<group>"; };
		4CD3A1DA294BBEBD0078797C /* AddButton.swift */ = {isa = PBXFileReference; lastKnownFileType = sourcecode.swift; path = AddButton.swift; sourceTree = "<group>"; };
		4CE574D32943763C00543BEA /* ProductDetails.swift */ = {isa = PBXFileReference; lastKnownFileType = sourcecode.swift; path = ProductDetails.swift; sourceTree = "<group>"; };
/* End PBXFileReference section */

/* Begin PBXFrameworksBuildPhase section */
		4C43FB1B293DCF9C00EF3C94 /* Frameworks */ = {
			isa = PBXFrameworksBuildPhase;
			buildActionMask = 2147483647;
			files = (
			);
			runOnlyForDeploymentPostprocessing = 0;
		};
/* End PBXFrameworksBuildPhase section */

/* Begin PBXGroup section */
		4C0C91462948788E00BB7680 /* Model */ = {
			isa = PBXGroup;
			children = (
				4C0C91442948787D00BB7680 /* Response.swift */,
				4C0C91422948783D00BB7680 /* HotSalesDataModel.swift */,
				4C9A8CB329424F22002B8B20 /* BestSellerDataModel.swift */,
				4C9A8CA92940AAFF002B8B20 /* CategoriesData.swift */,
				4C0C914C29487BF100BB7680 /* DetailResponse.swift */,
				4C0C91502948B2CA00BB7680 /* SelectedHeart.swift */,
			);
			path = Model;
			sourceTree = "<group>";
		};
		4C0C9147294878BA00BB7680 /* ViewModel */ = {
			isa = PBXGroup;
			children = (
				4C6C3A092947603F00F36A32 /* ContentViewViewModel.swift */,
				4C0C914A29487AC200BB7680 /* ProductDetailViewModel.swift */,
			);
			path = ViewModel;
			sourceTree = "<group>";
		};
		4C0C9149294879D800BB7680 /* View */ = {
			isa = PBXGroup;
			children = (
				4CD3A1B7294B6EDE0078797C /* MainScreenViews */,
				4CD3A1B8294B75700078797C /* ProductDetailsViews */,
				4CD3A1BD294B7A6B0078797C /* MyCartViews */,
				4CD3A1C8294B810B0078797C /* ToolBar.swift */,
				4CD3A1CC294B918A0078797C /* LabelBackButton.swift */,
			);
			path = View;
			sourceTree = "<group>";
		};
		4C43FB15293DCF9C00EF3C94 = {
			isa = PBXGroup;
			children = (
				4C43FB20293DCF9C00EF3C94 /* TestTask_EffectiveMobile */,
				4C43FB1F293DCF9C00EF3C94 /* Products */,
			);
			sourceTree = "<group>";
		};
		4C43FB1F293DCF9C00EF3C94 /* Products */ = {
			isa = PBXGroup;
			children = (
				4C43FB1E293DCF9C00EF3C94 /* TestTask_EffectiveMobile.app */,
			);
			name = Products;
			sourceTree = "<group>";
		};
		4C43FB20293DCF9C00EF3C94 /* TestTask_EffectiveMobile */ = {
			isa = PBXGroup;
			children = (
				4C43FB21293DCF9C00EF3C94 /* TestTask_EffectiveMobileApp.swift */,
				4C0C91462948788E00BB7680 /* Model */,
				4C0C9149294879D800BB7680 /* View */,
				4C0C9147294878BA00BB7680 /* ViewModel */,
				4CD3A1CE294B9CD70078797C /* Services */,
				4CD3A1CF294B9D0E0078797C /* Utils */,
				4C43FB25293DCFA500EF3C94 /* Assets.xcassets */,
				4C43FB27293DCFA500EF3C94 /* Preview Content */,
			);
			path = TestTask_EffectiveMobile;
			sourceTree = "<group>";
		};
		4C43FB27293DCFA500EF3C94 /* Preview Content */ = {
			isa = PBXGroup;
			children = (
				4C43FB28293DCFA500EF3C94 /* Preview Assets.xcassets */,
			);
			path = "Preview Content";
			sourceTree = "<group>";
		};
		4CD3A1B7294B6EDE0078797C /* MainScreenViews */ = {
			isa = PBXGroup;
			children = (
				4C43FB23293DCF9C00EF3C94 /* ContentView.swift */,
				4CD3A1AB294B5C1A0078797C /* Section.swift */,
				4CD3A1AF294B5F470078797C /* CategoryItem.swift */,
				4CD3A1AD294B5E410078797C /* SearchSection.swift */,
				4CD3A1B3294B64560078797C /* HotSalesItem.swift */,
				4CD3A1B5294B66450078797C /* BestSellerItem.swift */,
				4CD3A1B1294B63670078797C /* TapBar.swift */,
				4CC550E929491541003183DE /* FilterOptions.swift */,
				4C53183C2949C1FE00A15EA5 /* FilterBlock.swift */,
			);
			path = MainScreenViews;
			sourceTree = "<group>";
		};
		4CD3A1B8294B75700078797C /* ProductDetailsViews */ = {
			isa = PBXGroup;
			children = (
				4CE574D32943763C00543BEA /* ProductDetails.swift */,
				4CD3A1B9294B75EB0078797C /* PicturesGallery.swift */,
				4CD3A1D0294BB3530078797C /* Title.swift */,
				4CD3A1D2294BB3D80078797C /* Stars.swift */,
				4CBC11B0294A46AE00E6D69D /* ShopSection.swift */,
				4CD3A1D4294BB96F0078797C /* Details.swift */,
				4CD3A1D6294BBA880078797C /* ColorBlock.swift */,
				4CD3A1D8294BBD4D0078797C /* CapacityBlock.swift */,
				4CD3A1DA294BBEBD0078797C /* AddButton.swift */,
			);
			path = ProductDetailsViews;
			sourceTree = "<group>";
		};
		4CD3A1BD294B7A6B0078797C /* MyCartViews */ = {
			isa = PBXGroup;
			children = (
				4CBC11B2294B311000E6D69D /* MyCart.swift */,
				4CBC11B4294B35E500E6D69D /* ProductDataRow.swift */,
				4CD3A1BE294B7C2C0078797C /* Line.swift */,
				4CD3A1C0294B7DB90078797C /* Total.swift */,
				4CD3A1C2294B7EE90078797C /* Delivery.swift */,
				4CD3A1C4294B7FAD0078797C /* Checkout.swift */,
				4CD3A1C6294B80AE0078797C /* DownLayer.swift */,
			);
			path = MyCartViews;
			sourceTree = "<group>";
		};
		4CD3A1CE294B9CD70078797C /* Services */ = {
			isa = PBXGroup;
			children = (
				4C9A8CB129424D39002B8B20 /* DataLoader.swift */,
				4C0C914E29487FC000BB7680 /* DetailDataLoader.swift */,
			);
			path = Services;
			sourceTree = "<group>";
		};
		4CD3A1CF294B9D0E0078797C /* Utils */ = {
			isa = PBXGroup;
			children = (
				4CBC11AE294A277B00E6D69D /* Color.swift */,
			);
			path = Utils;
			sourceTree = "<group>";
		};
/* End PBXGroup section */

/* Begin PBXNativeTarget section */
		4C43FB1D293DCF9C00EF3C94 /* TestTask_EffectiveMobile */ = {
			isa = PBXNativeTarget;
			buildConfigurationList = 4C43FB2C293DCFA500EF3C94 /* Build configuration list for PBXNativeTarget "TestTask_EffectiveMobile" */;
			buildPhases = (
				4C43FB1A293DCF9C00EF3C94 /* Sources */,
				4C43FB1B293DCF9C00EF3C94 /* Frameworks */,
				4C43FB1C293DCF9C00EF3C94 /* Resources */,
			);
			buildRules = (
			);
			dependencies = (
			);
			name = TestTask_EffectiveMobile;
			productName = TestTask_EffectiveMobile;
			productReference = 4C43FB1E293DCF9C00EF3C94 /* TestTask_EffectiveMobile.app */;
			productType = "com.apple.product-type.application";
		};
/* End PBXNativeTarget section */

/* Begin PBXProject section */
		4C43FB16293DCF9C00EF3C94 /* Project object */ = {
			isa = PBXProject;
			attributes = {
				BuildIndependentTargetsInParallel = 1;
				LastSwiftUpdateCheck = 1400;
				LastUpgradeCheck = 1400;
				TargetAttributes = {
					4C43FB1D293DCF9C00EF3C94 = {
						CreatedOnToolsVersion = 14.0.1;
					};
				};
			};
			buildConfigurationList = 4C43FB19293DCF9C00EF3C94 /* Build configuration list for PBXProject "TestTask_EffectiveMobile" */;
			compatibilityVersion = "Xcode 14.0";
			developmentRegion = en;
			hasScannedForEncodings = 0;
			knownRegions = (
				en,
				Base,
			);
			mainGroup = 4C43FB15293DCF9C00EF3C94;
			productRefGroup = 4C43FB1F293DCF9C00EF3C94 /* Products */;
			projectDirPath = "";
			projectRoot = "";
			targets = (
				4C43FB1D293DCF9C00EF3C94 /* TestTask_EffectiveMobile */,
			);
		};
/* End PBXProject section */

/* Begin PBXResourcesBuildPhase section */
		4C43FB1C293DCF9C00EF3C94 /* Resources */ = {
			isa = PBXResourcesBuildPhase;
			buildActionMask = 2147483647;
			files = (
				4C43FB29293DCFA500EF3C94 /* Preview Assets.xcassets in Resources */,
				4C43FB26293DCFA500EF3C94 /* Assets.xcassets in Resources */,
			);
			runOnlyForDeploymentPostprocessing = 0;
		};
/* End PBXResourcesBuildPhase section */

/* Begin PBXSourcesBuildPhase section */
		4C43FB1A293DCF9C00EF3C94 /* Sources */ = {
			isa = PBXSourcesBuildPhase;
			buildActionMask = 2147483647;
			files = (
				4CD3A1D1294BB3530078797C /* Title.swift in Sources */,
				4CC550EA29491541003183DE /* FilterOptions.swift in Sources */,
				4CD3A1B2294B63670078797C /* TapBar.swift in Sources */,
				4C0C91432948783D00BB7680 /* HotSalesDataModel.swift in Sources */,
				4C0C914F29487FC000BB7680 /* DetailDataLoader.swift in Sources */,
				4CBC11B1294A46AE00E6D69D /* ShopSection.swift in Sources */,
				4CD3A1C1294B7DB90078797C /* Total.swift in Sources */,
				4CD3A1C5294B7FAD0078797C /* Checkout.swift in Sources */,
				4CD3A1D9294BBD4D0078797C /* CapacityBlock.swift in Sources */,
				4CD3A1B6294B66450078797C /* BestSellerItem.swift in Sources */,
				4CD3A1BA294B75EB0078797C /* PicturesGallery.swift in Sources */,
				4CD3A1D3294BB3D80078797C /* Stars.swift in Sources */,
				4C0C91452948787D00BB7680 /* Response.swift in Sources */,
				4CD3A1DB294BBEBD0078797C /* AddButton.swift in Sources */,
				4CE574D42943763D00543BEA /* ProductDetails.swift in Sources */,
				4CD3A1C3294B7EE90078797C /* Delivery.swift in Sources */,
				4C43FB24293DCF9C00EF3C94 /* ContentView.swift in Sources */,
				4CD3A1AC294B5C1B0078797C /* Section.swift in Sources */,
				4C9A8CAA2940AAFF002B8B20 /* CategoriesData.swift in Sources */,
				4CD3A1C7294B80AE0078797C /* DownLayer.swift in Sources */,
				4CD3A1B0294B5F480078797C /* CategoryItem.swift in Sources */,
				4C6C3A0A2947604000F36A32 /* ContentViewViewModel.swift in Sources */,
				4CD3A1CD294B918A0078797C /* LabelBackButton.swift in Sources */,
				4C43FB22293DCF9C00EF3C94 /* TestTask_EffectiveMobileApp.swift in Sources */,
				4CD3A1B4294B64560078797C /* HotSalesItem.swift in Sources */,
				4CBC11B5294B35E500E6D69D /* ProductDataRow.swift in Sources */,
				4CBC11AF294A277B00E6D69D /* Color.swift in Sources */,
				4CBC11B3294B311000E6D69D /* MyCart.swift in Sources */,
				4CD3A1AE294B5E410078797C /* SearchSection.swift in Sources */,
				4C0C914D29487BF100BB7680 /* DetailResponse.swift in Sources */,
				4C9A8CB429424F23002B8B20 /* BestSellerDataModel.swift in Sources */,
				4C53183D2949C1FE00A15EA5 /* FilterBlock.swift in Sources */,
				4C9A8CB229424D3A002B8B20 /* DataLoader.swift in Sources */,
				4CD3A1BF294B7C2C0078797C /* Line.swift in Sources */,
				4CD3A1D5294BB96F0078797C /* Details.swift in Sources */,
				4CD3A1C9294B810B0078797C /* ToolBar.swift in Sources */,
				4CD3A1D7294BBA880078797C /* ColorBlock.swift in Sources */,
				4C0C91512948B2CA00BB7680 /* SelectedHeart.swift in Sources */,
				4C0C914B29487AC200BB7680 /* ProductDetailViewModel.swift in Sources */,
			);
			runOnlyForDeploymentPostprocessing = 0;
		};
/* End PBXSourcesBuildPhase section */

/* Begin XCBuildConfiguration section */
		4C43FB2A293DCFA500EF3C94 /* Debug */ = {
			isa = XCBuildConfiguration;
			buildSettings = {
				ALWAYS_SEARCH_USER_PATHS = NO;
				CLANG_ANALYZER_NONNULL = YES;
				CLANG_ANALYZER_NUMBER_OBJECT_CONVERSION = YES_AGGRESSIVE;
				CLANG_CXX_LANGUAGE_STANDARD = "gnu++20";
				CLANG_ENABLE_MODULES = YES;
				CLANG_ENABLE_OBJC_ARC = YES;
				CLANG_ENABLE_OBJC_WEAK = YES;
				CLANG_WARN_BLOCK_CAPTURE_AUTORELEASING = YES;
				CLANG_WARN_BOOL_CONVERSION = YES;
				CLANG_WARN_COMMA = YES;
				CLANG_WARN_CONSTANT_CONVERSION = YES;
				CLANG_WARN_DEPRECATED_OBJC_IMPLEMENTATIONS = YES;
				CLANG_WARN_DIRECT_OBJC_ISA_USAGE = YES_ERROR;
				CLANG_WARN_DOCUMENTATION_COMMENTS = YES;
				CLANG_WARN_EMPTY_BODY = YES;
				CLANG_WARN_ENUM_CONVERSION = YES;
				CLANG_WARN_INFINITE_RECURSION = YES;
				CLANG_WARN_INT_CONVERSION = YES;
				CLANG_WARN_NON_LITERAL_NULL_CONVERSION = YES;
				CLANG_WARN_OBJC_IMPLICIT_RETAIN_SELF = YES;
				CLANG_WARN_OBJC_LITERAL_CONVERSION = YES;
				CLANG_WARN_OBJC_ROOT_CLASS = YES_ERROR;
				CLANG_WARN_QUOTED_INCLUDE_IN_FRAMEWORK_HEADER = YES;
				CLANG_WARN_RANGE_LOOP_ANALYSIS = YES;
				CLANG_WARN_STRICT_PROTOTYPES = YES;
				CLANG_WARN_SUSPICIOUS_MOVE = YES;
				CLANG_WARN_UNGUARDED_AVAILABILITY = YES_AGGRESSIVE;
				CLANG_WARN_UNREACHABLE_CODE = YES;
				CLANG_WARN__DUPLICATE_METHOD_MATCH = YES;
				COPY_PHASE_STRIP = NO;
				DEBUG_INFORMATION_FORMAT = dwarf;
				ENABLE_STRICT_OBJC_MSGSEND = YES;
				ENABLE_TESTABILITY = YES;
				GCC_C_LANGUAGE_STANDARD = gnu11;
				GCC_DYNAMIC_NO_PIC = NO;
				GCC_NO_COMMON_BLOCKS = YES;
				GCC_OPTIMIZATION_LEVEL = 0;
				GCC_PREPROCESSOR_DEFINITIONS = (
					"DEBUG=1",
					"$(inherited)",
				);
				GCC_WARN_64_TO_32_BIT_CONVERSION = YES;
				GCC_WARN_ABOUT_RETURN_TYPE = YES_ERROR;
				GCC_WARN_UNDECLARED_SELECTOR = YES;
				GCC_WARN_UNINITIALIZED_AUTOS = YES_AGGRESSIVE;
				GCC_WARN_UNUSED_FUNCTION = YES;
				GCC_WARN_UNUSED_VARIABLE = YES;
				IPHONEOS_DEPLOYMENT_TARGET = 16.0;
				MTL_ENABLE_DEBUG_INFO = INCLUDE_SOURCE;
				MTL_FAST_MATH = YES;
				ONLY_ACTIVE_ARCH = YES;
				SDKROOT = iphoneos;
				SWIFT_ACTIVE_COMPILATION_CONDITIONS = DEBUG;
				SWIFT_OPTIMIZATION_LEVEL = "-Onone";
			};
			name = Debug;
		};
		4C43FB2B293DCFA500EF3C94 /* Release */ = {
			isa = XCBuildConfiguration;
			buildSettings = {
				ALWAYS_SEARCH_USER_PATHS = NO;
				CLANG_ANALYZER_NONNULL = YES;
				CLANG_ANALYZER_NUMBER_OBJECT_CONVERSION = YES_AGGRESSIVE;
				CLANG_CXX_LANGUAGE_STANDARD = "gnu++20";
				CLANG_ENABLE_MODULES = YES;
				CLANG_ENABLE_OBJC_ARC = YES;
				CLANG_ENABLE_OBJC_WEAK = YES;
				CLANG_WARN_BLOCK_CAPTURE_AUTORELEASING = YES;
				CLANG_WARN_BOOL_CONVERSION = YES;
				CLANG_WARN_COMMA = YES;
				CLANG_WARN_CONSTANT_CONVERSION = YES;
				CLANG_WARN_DEPRECATED_OBJC_IMPLEMENTATIONS = YES;
				CLANG_WARN_DIRECT_OBJC_ISA_USAGE = YES_ERROR;
				CLANG_WARN_DOCUMENTATION_COMMENTS = YES;
				CLANG_WARN_EMPTY_BODY = YES;
				CLANG_WARN_ENUM_CONVERSION = YES;
				CLANG_WARN_INFINITE_RECURSION = YES;
				CLANG_WARN_INT_CONVERSION = YES;
				CLANG_WARN_NON_LITERAL_NULL_CONVERSION = YES;
				CLANG_WARN_OBJC_IMPLICIT_RETAIN_SELF = YES;
				CLANG_WARN_OBJC_LITERAL_CONVERSION = YES;
				CLANG_WARN_OBJC_ROOT_CLASS = YES_ERROR;
				CLANG_WARN_QUOTED_INCLUDE_IN_FRAMEWORK_HEADER = YES;
				CLANG_WARN_RANGE_LOOP_ANALYSIS = YES;
				CLANG_WARN_STRICT_PROTOTYPES = YES;
				CLANG_WARN_SUSPICIOUS_MOVE = YES;
				CLANG_WARN_UNGUARDED_AVAILABILITY = YES_AGGRESSIVE;
				CLANG_WARN_UNREACHABLE_CODE = YES;
				CLANG_WARN__DUPLICATE_METHOD_MATCH = YES;
				COPY_PHASE_STRIP = NO;
				DEBUG_INFORMATION_FORMAT = "dwarf-with-dsym";
				ENABLE_NS_ASSERTIONS = NO;
				ENABLE_STRICT_OBJC_MSGSEND = YES;
				GCC_C_LANGUAGE_STANDARD = gnu11;
				GCC_NO_COMMON_BLOCKS = YES;
				GCC_WARN_64_TO_32_BIT_CONVERSION = YES;
				GCC_WARN_ABOUT_RETURN_TYPE = YES_ERROR;
				GCC_WARN_UNDECLARED_SELECTOR = YES;
				GCC_WARN_UNINITIALIZED_AUTOS = YES_AGGRESSIVE;
				GCC_WARN_UNUSED_FUNCTION = YES;
				GCC_WARN_UNUSED_VARIABLE = YES;
				IPHONEOS_DEPLOYMENT_TARGET = 16.0;
				MTL_ENABLE_DEBUG_INFO = NO;
				MTL_FAST_MATH = YES;
				SDKROOT = iphoneos;
				SWIFT_COMPILATION_MODE = wholemodule;
				SWIFT_OPTIMIZATION_LEVEL = "-O";
				VALIDATE_PRODUCT = YES;
			};
			name = Release;
		};
		4C43FB2D293DCFA500EF3C94 /* Debug */ = {
			isa = XCBuildConfiguration;
			buildSettings = {
				ASSETCATALOG_COMPILER_APPICON_NAME = AppIcon;
				ASSETCATALOG_COMPILER_GLOBAL_ACCENT_COLOR_NAME = AccentColor;
				CODE_SIGN_STYLE = Automatic;
				CURRENT_PROJECT_VERSION = 1;
				DEVELOPMENT_ASSET_PATHS = "\"TestTask_EffectiveMobile/Preview Content\"";
				ENABLE_PREVIEWS = YES;
				GENERATE_INFOPLIST_FILE = YES;
				INFOPLIST_FILE = "TestTask-EffectiveMobile-Info.plist";
				INFOPLIST_KEY_UIApplicationSceneManifest_Generation = YES;
				INFOPLIST_KEY_UIApplicationSupportsIndirectInputEvents = YES;
				INFOPLIST_KEY_UILaunchScreen_Generation = YES;
				INFOPLIST_KEY_UISupportedInterfaceOrientations_iPad = "UIInterfaceOrientationPortrait UIInterfaceOrientationPortraitUpsideDown UIInterfaceOrientationLandscapeLeft UIInterfaceOrientationLandscapeRight";
				INFOPLIST_KEY_UISupportedInterfaceOrientations_iPhone = "UIInterfaceOrientationPortrait UIInterfaceOrientationLandscapeLeft UIInterfaceOrientationLandscapeRight";
				LD_RUNPATH_SEARCH_PATHS = (
					"$(inherited)",
					"@executable_path/Frameworks",
				);
				MARKETING_VERSION = 1.0;
				PRODUCT_BUNDLE_IDENTIFIER = "Mariya.TestTask-EffectiveMobile";
				PRODUCT_NAME = "$(TARGET_NAME)";
				SWIFT_EMIT_LOC_STRINGS = YES;
				SWIFT_VERSION = 5.0;
				TARGETED_DEVICE_FAMILY = "1,2";
			};
			name = Debug;
		};
		4C43FB2E293DCFA500EF3C94 /* Release */ = {
			isa = XCBuildConfiguration;
			buildSettings = {
				ASSETCATALOG_COMPILER_APPICON_NAME = AppIcon;
				ASSETCATALOG_COMPILER_GLOBAL_ACCENT_COLOR_NAME = AccentColor;
				CODE_SIGN_STYLE = Automatic;
				CURRENT_PROJECT_VERSION = 1;
				DEVELOPMENT_ASSET_PATHS = "\"TestTask_EffectiveMobile/Preview Content\"";
				ENABLE_PREVIEWS = YES;
				GENERATE_INFOPLIST_FILE = YES;
				INFOPLIST_FILE = "TestTask-EffectiveMobile-Info.plist";
				INFOPLIST_KEY_UIApplicationSceneManifest_Generation = YES;
				INFOPLIST_KEY_UIApplicationSupportsIndirectInputEvents = YES;
				INFOPLIST_KEY_UILaunchScreen_Generation = YES;
				INFOPLIST_KEY_UISupportedInterfaceOrientations_iPad = "UIInterfaceOrientationPortrait UIInterfaceOrientationPortraitUpsideDown UIInterfaceOrientationLandscapeLeft UIInterfaceOrientationLandscapeRight";
				INFOPLIST_KEY_UISupportedInterfaceOrientations_iPhone = "UIInterfaceOrientationPortrait UIInterfaceOrientationLandscapeLeft UIInterfaceOrientationLandscapeRight";
				LD_RUNPATH_SEARCH_PATHS = (
					"$(inherited)",
					"@executable_path/Frameworks",
				);
				MARKETING_VERSION = 1.0;
				PRODUCT_BUNDLE_IDENTIFIER = "Mariya.TestTask-EffectiveMobile";
				PRODUCT_NAME = "$(TARGET_NAME)";
				SWIFT_EMIT_LOC_STRINGS = YES;
				SWIFT_VERSION = 5.0;
				TARGETED_DEVICE_FAMILY = "1,2";
			};
			name = Release;
		};
/* End XCBuildConfiguration section */

/* Begin XCConfigurationList section */
		4C43FB19293DCF9C00EF3C94 /* Build configuration list for PBXProject "TestTask_EffectiveMobile" */ = {
			isa = XCConfigurationList;
			buildConfigurations = (
				4C43FB2A293DCFA500EF3C94 /* Debug */,
				4C43FB2B293DCFA500EF3C94 /* Release */,
			);
			defaultConfigurationIsVisible = 0;
			defaultConfigurationName = Release;
		};
		4C43FB2C293DCFA500EF3C94 /* Build configuration list for PBXNativeTarget "TestTask_EffectiveMobile" */ = {
			isa = XCConfigurationList;
			buildConfigurations = (
				4C43FB2D293DCFA500EF3C94 /* Debug */,
				4C43FB2E293DCFA500EF3C94 /* Release */,
			);
			defaultConfigurationIsVisible = 0;
			defaultConfigurationName = Release;
		};
/* End XCConfigurationList section */
	};
	rootObject = 4C43FB16293DCF9C00EF3C94 /* Project object */;
}
